<<<<<<< HEAD
652277< HEAD
<<<<<<< HEAD
719998< HEAD
=======
<<<<<<< HEAD
633983
=======
696284< HEAD
>>>>>>> 75927144f4c50bcdf3e29d0fbe140b1ef71be04c
695621
=======
605498
>>>>>>> cbda575a7ab10ef087f85826d4f161694aba8bbc
>>>>>>> e33e5225f5a8b9fae6b52daa373086d35455fa8e
=======
638714
>>>>>>> 9c3933f0b3197f4adb8bbcb4bdb49f9eae5195f9
=======
722167
>>>>>>> f1c05e977ad2608d5dfbc59ec275c2006f0d1a0d
